{
  "nodes": {
    "ethercat": {
      "flake": false,
      "locked": {
        "lastModified": 1694079333,
        "narHash": "sha256-6F3zBhnU4CFpiO+Cnbd6ecUuiGH/KUntpPfuSYZ+rAI=",
        "owner": "etherlab.org",
        "repo": "ethercat",
        "rev": "722b2d607c4fc004ebf5204aaede0059c02274f4",
        "type": "gitlab"
      },
      "original": {
        "owner": "etherlab.org",
        "ref": "stable-1.5",
        "repo": "ethercat",
        "type": "gitlab"
      }
    },
    "flake-utils": {
      "inputs": {
        "systems": "systems"
      },
      "locked": {
        "lastModified": 1705309234,
        "narHash": "sha256-uNRRNRKmJyCRC/8y1RqBkqWBLM034y4qN7EprSdmgyA=",
        "owner": "numtide",
        "repo": "flake-utils",
        "rev": "1ef2e671c3b0c19053962c07dbda38332dcebf26",
        "type": "github"
      },
      "original": {
        "owner": "numtide",
        "repo": "flake-utils",
        "type": "github"
      }
    },
    "flake-utils_2": {
      "inputs": {
        "systems": "systems_2"
      },
      "locked": {
        "lastModified": 1705309234,
        "narHash": "sha256-uNRRNRKmJyCRC/8y1RqBkqWBLM034y4qN7EprSdmgyA=",
        "owner": "numtide",
        "repo": "flake-utils",
        "rev": "1ef2e671c3b0c19053962c07dbda38332dcebf26",
        "type": "github"
      },
      "original": {
        "owner": "numtide",
        "repo": "flake-utils",
        "type": "github"
      }
    },
    "lib60870": {
      "flake": false,
      "locked": {
        "lastModified": 1672404819,
        "narHash": "sha256-9o+gWQbpCJb+UZzPNmzGqpWD0QbGjg41is/f1POUEQs=",
        "owner": "mz-automation",
        "repo": "lib60870",
        "rev": "53a6b3c1cf3023e51cf81763b1ccf048edcd1c64",
        "type": "github"
      },
      "original": {
        "owner": "mz-automation",
        "ref": "v2.3.2",
        "repo": "lib60870",
        "type": "github"
      }
    },
    "libdatachannel": {
      "flake": false,
      "locked": {
        "lastModified": 1683797946,
        "narHash": "sha256-kSK+5gFMG6tq89R1m08gNBKPdwyR/mLEDhWXQ/uk34o=",
        "ref": "refs/tags/v0.18.4",
        "rev": "7a5e01071ae635e06f175233abd11d623f09cbb8",
        "revCount": 2459,
        "submodules": true,
        "type": "git",
        "url": "https://github.com/paullouisageneau/libdatachannel.git"
      },
      "original": {
        "ref": "refs/tags/v0.18.4",
        "submodules": true,
        "type": "git",
        "url": "https://github.com/paullouisageneau/libdatachannel.git"
      }
    },
    "libiec61850": {
      "flake": false,
      "locked": {
        "lastModified": 1647022552,
        "narHash": "sha256-1vT0ry6IJqilpM7g9l7fx+ET+Dyo24WAyWqTyPM9nQw=",
        "owner": "mz-automation",
        "repo": "libiec61850",
        "rev": "210cf30897631fe2006ac50483caf8fd616622a2",
        "type": "github"
      },
      "original": {
        "owner": "mz-automation",
        "ref": "v1.5.1",
        "repo": "libiec61850",
        "type": "github"
      }
    },
    "nix-github-actions": {
      "inputs": {
        "nixpkgs": [
          "poetry2nix",
          "nixpkgs"
        ]
      },
      "locked": {
        "lastModified": 1703863825,
        "narHash": "sha256-rXwqjtwiGKJheXB43ybM8NwWB8rO2dSRrEqes0S7F5Y=",
        "owner": "nix-community",
        "repo": "nix-github-actions",
        "rev": "5163432afc817cf8bd1f031418d1869e4c9d5547",
        "type": "github"
      },
      "original": {
        "owner": "nix-community",
        "repo": "nix-github-actions",
        "type": "github"
      }
    },
    "nixpkgs": {
      "locked": {
        "lastModified": 1708984720,
        "narHash": "sha256-gJctErLbXx4QZBBbGp78PxtOOzsDaQ+yw1ylNQBuSUY=",
        "owner": "NixOS",
        "repo": "nixpkgs",
        "rev": "13aff9b34cc32e59d35c62ac9356e4a41198a538",
        "type": "github"
      },
      "original": {
        "owner": "NixOS",
        "ref": "nixos-unstable",
        "repo": "nixpkgs",
        "type": "github"
      }
    },
    "nixpkgs_2": {
      "locked": {
        "lastModified": 1705957679,
        "narHash": "sha256-Q8LJaVZGJ9wo33wBafvZSzapYsjOaNjP/pOnSiKVGHY=",
        "owner": "NixOS",
        "repo": "nixpkgs",
        "rev": "9a333eaa80901efe01df07eade2c16d183761fa3",
        "type": "github"
      },
      "original": {
        "owner": "NixOS",
        "ref": "release-23.05",
        "repo": "nixpkgs",
        "type": "github"
      }
    },
    "poetry2nix": {
      "inputs": {
        "flake-utils": "flake-utils_2",
        "nix-github-actions": "nix-github-actions",
        "nixpkgs": [
          "nixpkgs"
        ],
        "systems": "systems_3",
        "treefmt-nix": "treefmt-nix"
      },
      "locked": {
        "lastModified": 1708589824,
        "narHash": "sha256-2GOiFTkvs5MtVF65sC78KNVxQSmsxtk0WmV1wJ9V2ck=",
        "owner": "nix-community",
        "repo": "poetry2nix",
        "rev": "3c92540611f42d3fb2d0d084a6c694cd6544b609",
        "type": "github"
      },
      "original": {
        "owner": "nix-community",
        "repo": "poetry2nix",
        "type": "github"
      }
    },
    "root": {
      "inputs": {
        "flake-utils": "flake-utils",
        "nixpkgs": "nixpkgs",
        "poetry2nix": "poetry2nix",
        "villas-node": "villas-node"
      }
    },
    "systems": {
      "locked": {
        "lastModified": 1681028828,
        "narHash": "sha256-Vy1rq5AaRuLzOxct8nz4T6wlgyUR7zLU309k9mBC768=",
        "owner": "nix-systems",
        "repo": "default",
        "rev": "da67096a3b9bf56a91d16901293e51ba5b49a27e",
        "type": "github"
      },
      "original": {
        "owner": "nix-systems",
        "repo": "default",
        "type": "github"
      }
    },
    "systems_2": {
      "locked": {
        "lastModified": 1681028828,
        "narHash": "sha256-Vy1rq5AaRuLzOxct8nz4T6wlgyUR7zLU309k9mBC768=",
        "owner": "nix-systems",
        "repo": "default",
        "rev": "da67096a3b9bf56a91d16901293e51ba5b49a27e",
        "type": "github"
      },
      "original": {
        "owner": "nix-systems",
        "repo": "default",
        "type": "github"
      }
    },
    "systems_3": {
      "locked": {
        "lastModified": 1681028828,
        "narHash": "sha256-Vy1rq5AaRuLzOxct8nz4T6wlgyUR7zLU309k9mBC768=",
        "owner": "nix-systems",
        "repo": "default",
        "rev": "da67096a3b9bf56a91d16901293e51ba5b49a27e",
        "type": "github"
      },
      "original": {
        "id": "systems",
        "type": "indirect"
      }
    },
    "treefmt-nix": {
      "inputs": {
        "nixpkgs": [
          "poetry2nix",
          "nixpkgs"
        ]
      },
      "locked": {
        "lastModified": 1708335038,
        "narHash": "sha256-ETLZNFBVCabo7lJrpjD6cAbnE11eDOjaQnznmg/6hAE=",
        "owner": "numtide",
        "repo": "treefmt-nix",
        "rev": "e504621290a1fd896631ddbc5e9c16f4366c9f65",
        "type": "github"
      },
      "original": {
        "owner": "numtide",
        "repo": "treefmt-nix",
        "type": "github"
      }
    },
    "villas-node": {
      "inputs": {
        "ethercat": "ethercat",
        "lib60870": "lib60870",
        "libdatachannel": "libdatachannel",
        "libiec61850": "libiec61850",
        "nixpkgs": "nixpkgs_2"
      },
      "locked": {
        "lastModified": 1709245127,
        "narHash": "sha256-jdeGAZYqKrD8cMEHGCazEGttqiLJeczzEJ60sh6f328=",
        "owner": "VILLASframework",
        "repo": "node",
        "rev": "73ff061ca83886ab031f8f5e8cbea75560a2b1a9",
        "type": "github"
      },
      "original": {
        "owner": "VILLASframework",
        "repo": "node",
        "type": "github"
      }
    }
  },
  "root": "root",
  "version": 7
}
